
Microsoft Visual Studio Solution File, Format Version 12.00
# Visual Studio 15
VisualStudioVersion = 15.0.27703.2026
MinimumVisualStudioVersion = 10.0.40219.1
Project("{FAE04EC0-301F-11D3-BF4B-00C04F79EFBC}") = "NewRedotApiTest", "NewRedotApiTest\NewRedotApiTest.csproj", "{49449447-3175-4E66-85B2-B32ABB15DACD}"
EndProject
Global
	GlobalSection(SolutionConfigurationPlatforms) = preSolution
		Debug|Any CPU = Debug|Any CPU
		Release|Any CPU = Release|Any CPU
	EndGlobalSection
	GlobalSection(ProjectConfigurationPlatforms) = postSolution
		{49449447-3175-4E66-85B2-B32ABB15DACD}.Debug|Any CPU.ActiveCfg = Debug|Any CPU
		{49449447-3175-4E66-85B2-B32ABB15DACD}.Debug|Any CPU.Build.0 = Debug|Any CPU
		{49449447-3175-4E66-85B2-B32ABB15DACD}.Release|Any CPU.ActiveCfg = Release|Any CPU
		{49449447-3175-4E66-85B2-B32ABB15DACD}.Release|Any CPU.Build.0 = Release|Any CPU
	EndGlobalSection
	GlobalSection(SolutionProperties) = preSolution
		HideSolutionNode = FALSE
	EndGlobalSection
	GlobalSection(ExtensibilityGlobals) = postSolution
		SolutionGuid = {F64BD771-391B-4DCC-BDE6-1A5A84A542D7}
	EndGlobalSection
EndGlobal
